
Microsoft Visual Studio Solution File, Format Version 12.00
# Visual Studio Version 17
VisualStudioVersion = 17.3.32901.215
MinimumVisualStudioVersion = 10.0.40219.1
Project("{8BC9CEB8-8B4A-11D0-8D11-00A0C91BC942}") = "4.13", "4.13\4.13.vcxproj", "{38956820-34B3-43C0-89AB-DA313F17212D}"
EndProject
Global
	GlobalSection(SolutionConfigurationPlatforms) = preSolution
		Debug|x64 = Debug|x64
		Debug|x86 = Debug|x86
		Release|x64 = Release|x64
		Release|x86 = Release|x86
	EndGlobalSection
	GlobalSection(ProjectConfigurationPlatforms) = postSolution
		{38956820-34B3-43C0-89AB-DA313F17212D}.Debug|x64.ActiveCfg = Debug|x64
		{38956820-34B3-43C0-89AB-DA313F17212D}.Debug|x64.Build.0 = Debug|x64
		{38956820-34B3-43C0-89AB-DA313F17212D}.Debug|x86.ActiveCfg = Debug|Win32
		{38956820-34B3-43C0-89AB-DA313F17212D}.Debug|x86.Build.0 = Debug|Win32
		{38956820-34B3-43C0-89AB-DA313F17212D}.Release|x64.ActiveCfg = Release|x64
		{38956820-34B3-43C0-89AB-DA313F17212D}.Release|x64.Build.0 = Release|x64
		{38956820-34B3-43C0-89AB-DA313F17212D}.Release|x86.ActiveCfg = Release|Win32
		{38956820-34B3-43C0-89AB-DA313F17212D}.Release|x86.Build.0 = Release|Win32
	EndGlobalSection
	GlobalSection(SolutionProperties) = preSolution
		HideSolutionNode = FALSE
	EndGlobalSection
	GlobalSection(ExtensibilityGlobals) = postSolution
		SolutionGuid = {CF9A7B05-1383-4B44-A950-5AD6D2EF5A84}
	EndGlobalSection
EndGlobal
