
Microsoft Visual Studio Solution File, Format Version 12.00
# Visual Studio Version 17
VisualStudioVersion = 17.3.32901.215
MinimumVisualStudioVersion = 10.0.40219.1
Project("{8BC9CEB8-8B4A-11D0-8D11-00A0C91BC942}") = "4.20", "4.20\4.20.vcxproj", "{BA29788C-5DE3-4D16-ABFB-3114C58D4618}"
EndProject
Global
	GlobalSection(SolutionConfigurationPlatforms) = preSolution
		Debug|x64 = Debug|x64
		Debug|x86 = Debug|x86
		Release|x64 = Release|x64
		Release|x86 = Release|x86
	EndGlobalSection
	GlobalSection(ProjectConfigurationPlatforms) = postSolution
		{BA29788C-5DE3-4D16-ABFB-3114C58D4618}.Debug|x64.ActiveCfg = Debug|x64
		{BA29788C-5DE3-4D16-ABFB-3114C58D4618}.Debug|x64.Build.0 = Debug|x64
		{BA29788C-5DE3-4D16-ABFB-3114C58D4618}.Debug|x86.ActiveCfg = Debug|Win32
		{BA29788C-5DE3-4D16-ABFB-3114C58D4618}.Debug|x86.Build.0 = Debug|Win32
		{BA29788C-5DE3-4D16-ABFB-3114C58D4618}.Release|x64.ActiveCfg = Release|x64
		{BA29788C-5DE3-4D16-ABFB-3114C58D4618}.Release|x64.Build.0 = Release|x64
		{BA29788C-5DE3-4D16-ABFB-3114C58D4618}.Release|x86.ActiveCfg = Release|Win32
		{BA29788C-5DE3-4D16-ABFB-3114C58D4618}.Release|x86.Build.0 = Release|Win32
	EndGlobalSection
	GlobalSection(SolutionProperties) = preSolution
		HideSolutionNode = FALSE
	EndGlobalSection
	GlobalSection(ExtensibilityGlobals) = postSolution
		SolutionGuid = {3AA2BF18-D290-495C-97C2-351CB750FCE6}
	EndGlobalSection
EndGlobal
